{
  "name": "daily_stock_analysis",
  "lockfileVersion": 3,
  "requires": true,
  "packages": {
    "": {
      "devDependencies": {
        "libsodium-wrappers": "^0.8.2"
      }
    },
    "node_modules/libsodium": {
      "version": "0.8.2",
      "resolved": "https://registry.npmjs.org/libsodium/-/libsodium-0.8.2.tgz",
      "integrity": "sha512-TsnGYMoZtpweT+kR+lOv5TVsnJ/9U0FZOsLFzFOMWmxqOAYXjX3fsrPAW+i1LthgDKXJnI9A8dWEanT1tnJKIw==",
      "dev": true,
      "license": "ISC"
    },
    "node_modules/libsodium-wrappers": {
      "version": "0.8.2",
      "resolved": "https://registry.npmjs.org/libsodium-wrappers/-/libsodium-wrappers-0.8.2.tgz",
      "integrity": "sha512-VFLmfxkxo+U9q60tjcnSomQBRx2UzlRjKWJqvB4K1pUqsMQg4cu3QXA2nrcsj9A1qRsnJBbi2Ozx1hsiDoCkhw==",
      "dev": true,
      "license": "ISC",
      "dependencies": {
        "libsodium": "^0.8.0"
      }
    }
  }
}
